
Microsoft Visual Studio Solution File, Format Version 12.00
Project("{FAE04EC0-301F-11D3-BF4B-00C04F79EFBC}") = "LeetCode", "LeetCode.csproj", "{552BB03D-3AFC-40BB-BFCB-46E8978D112C}"
EndProject
Global
	GlobalSection(SolutionConfigurationPlatforms) = preSolution
		Debug|Any CPU = Debug|Any CPU
		Release|Any CPU = Release|Any CPU
	EndGlobalSection
	GlobalSection(ProjectConfigurationPlatforms) = postSolution
		{552BB03D-3AFC-40BB-BFCB-46E8978D112C}.Debug|Any CPU.ActiveCfg = Debug|Any CPU
		{552BB03D-3AFC-40BB-BFCB-46E8978D112C}.Debug|Any CPU.Build.0 = Debug|Any CPU
		{552BB03D-3AFC-40BB-BFCB-46E8978D112C}.Release|Any CPU.ActiveCfg = Release|Any CPU
		{552BB03D-3AFC-40BB-BFCB-46E8978D112C}.Release|Any CPU.Build.0 = Release|Any CPU
	EndGlobalSection
EndGlobal
