
Microsoft Visual Studio Solution File, Format Version 12.00
# Visual Studio Version 17
VisualStudioVersion = 17.5.002.0
MinimumVisualStudioVersion = 10.0.40219.1
Project("{9A19103F-16F7-4668-BE54-9A1E7A4F7556}") = "670 Maximum Swap", "670 Maximum Swap.csproj", "{A512D6CE-AF32-4F5A-868F-55D4C4DE2742}"
EndProject
Global
	GlobalSection(SolutionConfigurationPlatforms) = preSolution
		Debug|Any CPU = Debug|Any CPU
		Release|Any CPU = Release|Any CPU
	EndGlobalSection
	GlobalSection(ProjectConfigurationPlatforms) = postSolution
		{A512D6CE-AF32-4F5A-868F-55D4C4DE2742}.Debug|Any CPU.ActiveCfg = Debug|Any CPU
		{A512D6CE-AF32-4F5A-868F-55D4C4DE2742}.Debug|Any CPU.Build.0 = Debug|Any CPU
		{A512D6CE-AF32-4F5A-868F-55D4C4DE2742}.Release|Any CPU.ActiveCfg = Release|Any CPU
		{A512D6CE-AF32-4F5A-868F-55D4C4DE2742}.Release|Any CPU.Build.0 = Release|Any CPU
	EndGlobalSection
	GlobalSection(SolutionProperties) = preSolution
		HideSolutionNode = FALSE
	EndGlobalSection
	GlobalSection(ExtensibilityGlobals) = postSolution
		SolutionGuid = {F9421C52-66D9-4D96-900B-A5A963DFC24C}
	EndGlobalSection
EndGlobal
